
Microsoft Visual Studio Solution File, Format Version 12.00
# Visual Studio Version 17
VisualStudioVersion = 17.9.34728.123
MinimumVisualStudioVersion = 10.0.40219.1
Project("{FAE04EC0-301F-11D3-BF4B-00C04F79EFBC}") = "1.Server", "1.Server\1.Server.csproj", "{9381894A-C303-457D-8E1F-EF64BC53FE0A}"
EndProject
Project("{FAE04EC0-301F-11D3-BF4B-00C04F79EFBC}") = "2.BLL", "2.BLL\2.BLL.csproj", "{3C949F5B-DE48-437B-B898-E3C7ED98492D}"
EndProject
Project("{FAE04EC0-301F-11D3-BF4B-00C04F79EFBC}") = "3.DAL", "3.DAL\3.DAL.csproj", "{4495F435-3FCC-4B9E-B04A-850768313FAA}"
EndProject
Global
	GlobalSection(SolutionConfigurationPlatforms) = preSolution
		Debug|Any CPU = Debug|Any CPU
		Release|Any CPU = Release|Any CPU
	EndGlobalSection
	GlobalSection(ProjectConfigurationPlatforms) = postSolution
		{9381894A-C303-457D-8E1F-EF64BC53FE0A}.Debug|Any CPU.ActiveCfg = Debug|Any CPU
		{9381894A-C303-457D-8E1F-EF64BC53FE0A}.Debug|Any CPU.Build.0 = Debug|Any CPU
		{9381894A-C303-457D-8E1F-EF64BC53FE0A}.Release|Any CPU.ActiveCfg = Release|Any CPU
		{9381894A-C303-457D-8E1F-EF64BC53FE0A}.Release|Any CPU.Build.0 = Release|Any CPU
		{3C949F5B-DE48-437B-B898-E3C7ED98492D}.Debug|Any CPU.ActiveCfg = Debug|Any CPU
		{3C949F5B-DE48-437B-B898-E3C7ED98492D}.Debug|Any CPU.Build.0 = Debug|Any CPU
		{3C949F5B-DE48-437B-B898-E3C7ED98492D}.Release|Any CPU.ActiveCfg = Release|Any CPU
		{3C949F5B-DE48-437B-B898-E3C7ED98492D}.Release|Any CPU.Build.0 = Release|Any CPU
		{4495F435-3FCC-4B9E-B04A-850768313FAA}.Debug|Any CPU.ActiveCfg = Debug|Any CPU
		{4495F435-3FCC-4B9E-B04A-850768313FAA}.Debug|Any CPU.Build.0 = Debug|Any CPU
		{4495F435-3FCC-4B9E-B04A-850768313FAA}.Release|Any CPU.ActiveCfg = Release|Any CPU
		{4495F435-3FCC-4B9E-B04A-850768313FAA}.Release|Any CPU.Build.0 = Release|Any CPU
	EndGlobalSection
	GlobalSection(SolutionProperties) = preSolution
		HideSolutionNode = FALSE
	EndGlobalSection
	GlobalSection(ExtensibilityGlobals) = postSolution
		SolutionGuid = {187DD3A3-72B4-49E3-92B4-572C81726856}
	EndGlobalSection
EndGlobal
